
Microsoft Visual Studio Solution File, Format Version 12.00
# Visual Studio Version 17
VisualStudioVersion = 17.0.31903.59
MinimumVisualStudioVersion = 10.0.40219.1
Project("{FAE04EC0-301F-11D3-BF4B-00C04F79EFBC}") = "Robot", "Robot\Robot.csproj", "{19CA270E-F0F8-43F8-BE3F-DAF47F97E10F}"
EndProject
Project("{FAE04EC0-301F-11D3-BF4B-00C04F79EFBC}") = "RobotTest", "RobotTest\RobotTest.csproj", "{0FC0DC2B-6713-423A-9799-7240C06982FD}"
EndProject
Global
	GlobalSection(SolutionConfigurationPlatforms) = preSolution
		Debug|Any CPU = Debug|Any CPU
		Release|Any CPU = Release|Any CPU
	EndGlobalSection
	GlobalSection(SolutionProperties) = preSolution
		HideSolutionNode = FALSE
	EndGlobalSection
	GlobalSection(ProjectConfigurationPlatforms) = postSolution
		{19CA270E-F0F8-43F8-BE3F-DAF47F97E10F}.Debug|Any CPU.ActiveCfg = Debug|Any CPU
		{19CA270E-F0F8-43F8-BE3F-DAF47F97E10F}.Debug|Any CPU.Build.0 = Debug|Any CPU
		{19CA270E-F0F8-43F8-BE3F-DAF47F97E10F}.Release|Any CPU.ActiveCfg = Release|Any CPU
		{19CA270E-F0F8-43F8-BE3F-DAF47F97E10F}.Release|Any CPU.Build.0 = Release|Any CPU
		{0FC0DC2B-6713-423A-9799-7240C06982FD}.Debug|Any CPU.ActiveCfg = Debug|Any CPU
		{0FC0DC2B-6713-423A-9799-7240C06982FD}.Debug|Any CPU.Build.0 = Debug|Any CPU
		{0FC0DC2B-6713-423A-9799-7240C06982FD}.Release|Any CPU.ActiveCfg = Release|Any CPU
		{0FC0DC2B-6713-423A-9799-7240C06982FD}.Release|Any CPU.Build.0 = Release|Any CPU
	EndGlobalSection
EndGlobal
